name: "Update flake.lock"

on:
  workflow_dispatch:
  schedule:
    - cron: "0 0 * * 0" # run at 00:00 every Sunday

jobs:
  update-flake-lock:
    permissions:
      contents: write
      pull-requests: write
    runs-on: ubuntu-latest
    steps:
      - uses: actions/checkout@df4cb1c069e1874edd31b4311f1884172cec0e10 # v6.0.3
      - uses: DeterminateSystems/determinate-nix-action@9adf02b41cfdac2632e1c16f0480ff5bf3b05dd6 # v3.21.1
      - uses: DeterminateSystems/update-flake-lock@834c491b2ece4de0bbd00d85214bb5e83b4da5c6 # v28
